
Microsoft Visual Studio Solution File, Format Version 12.00
# Visual Studio Version 16
VisualStudioVersion = 16.0.31105.61
MinimumVisualStudioVersion = 10.0.40219.1
Project("{FAE04EC0-301F-11D3-BF4B-00C04F79EFBC}") = "Work_with_symbol_and_text_elements_in_string", "Work_with_symbol_and_text_elements_in_string\Work_with_symbol_and_text_elements_in_string.csproj", "{3B192CEE-DA3B-4529-A2B8-B025D10A7C05}"
EndProject
Global
	GlobalSection(SolutionConfigurationPlatforms) = preSolution
		Debug|Any CPU = Debug|Any CPU
		Release|Any CPU = Release|Any CPU
	EndGlobalSection
	GlobalSection(ProjectConfigurationPlatforms) = postSolution
		{3B192CEE-DA3B-4529-A2B8-B025D10A7C05}.Debug|Any CPU.ActiveCfg = Debug|Any CPU
		{3B192CEE-DA3B-4529-A2B8-B025D10A7C05}.Debug|Any CPU.Build.0 = Debug|Any CPU
		{3B192CEE-DA3B-4529-A2B8-B025D10A7C05}.Release|Any CPU.ActiveCfg = Release|Any CPU
		{3B192CEE-DA3B-4529-A2B8-B025D10A7C05}.Release|Any CPU.Build.0 = Release|Any CPU
	EndGlobalSection
	GlobalSection(SolutionProperties) = preSolution
		HideSolutionNode = FALSE
	EndGlobalSection
	GlobalSection(ExtensibilityGlobals) = postSolution
		SolutionGuid = {73156490-EBDA-4F4D-8993-8AF9C90FB871}
	EndGlobalSection
EndGlobal
