
Microsoft Visual Studio Solution File, Format Version 12.00
# Visual Studio Version 16
VisualStudioVersion = 16.0.31624.102
MinimumVisualStudioVersion = 10.0.40219.1
Project("{FAE04EC0-301F-11D3-BF4B-00C04F79EFBC}") = "Configuration", "Configuration\Configuration.csproj", "{42968026-942B-414C-B49B-517198C84949}"
EndProject
Global
	GlobalSection(SolutionConfigurationPlatforms) = preSolution
		Debug|Any CPU = Debug|Any CPU
		Release|Any CPU = Release|Any CPU
	EndGlobalSection
	GlobalSection(ProjectConfigurationPlatforms) = postSolution
		{42968026-942B-414C-B49B-517198C84949}.Debug|Any CPU.ActiveCfg = Debug|Any CPU
		{42968026-942B-414C-B49B-517198C84949}.Debug|Any CPU.Build.0 = Debug|Any CPU
		{42968026-942B-414C-B49B-517198C84949}.Release|Any CPU.ActiveCfg = Release|Any CPU
		{42968026-942B-414C-B49B-517198C84949}.Release|Any CPU.Build.0 = Release|Any CPU
	EndGlobalSection
	GlobalSection(SolutionProperties) = preSolution
		HideSolutionNode = FALSE
	EndGlobalSection
	GlobalSection(ExtensibilityGlobals) = postSolution
		SolutionGuid = {D7CA63B5-6E52-4BA0-A039-C6A352EF5B51}
	EndGlobalSection
EndGlobal
