
Microsoft Visual Studio Solution File, Format Version 12.00
# Visual Studio Version 16
VisualStudioVersion = 16.0.31613.86
MinimumVisualStudioVersion = 10.0.40219.1
Project("{FAE04EC0-301F-11D3-BF4B-00C04F79EFBC}") = "ConsoleApplication", "ConsoleApplication\ConsoleApplication.csproj", "{8B4B8D85-F1E4-44C7-8204-177D0E8FBC8C}"
EndProject
Global
	GlobalSection(SolutionConfigurationPlatforms) = preSolution
		Debug|Any CPU = Debug|Any CPU
		Release|Any CPU = Release|Any CPU
	EndGlobalSection
	GlobalSection(ProjectConfigurationPlatforms) = postSolution
		{8B4B8D85-F1E4-44C7-8204-177D0E8FBC8C}.Debug|Any CPU.ActiveCfg = Debug|Any CPU
		{8B4B8D85-F1E4-44C7-8204-177D0E8FBC8C}.Debug|Any CPU.Build.0 = Debug|Any CPU
		{8B4B8D85-F1E4-44C7-8204-177D0E8FBC8C}.Release|Any CPU.ActiveCfg = Release|Any CPU
		{8B4B8D85-F1E4-44C7-8204-177D0E8FBC8C}.Release|Any CPU.Build.0 = Release|Any CPU
	EndGlobalSection
	GlobalSection(SolutionProperties) = preSolution
		HideSolutionNode = FALSE
	EndGlobalSection
	GlobalSection(ExtensibilityGlobals) = postSolution
		SolutionGuid = {E82E2B04-5046-414D-A8D9-6E9FE2F278DC}
	EndGlobalSection
EndGlobal
