
Microsoft Visual Studio Solution File, Format Version 12.00
# Visual Studio Version 16
VisualStudioVersion = 16.0.31613.86
MinimumVisualStudioVersion = 10.0.40219.1
Project("{FAE04EC0-301F-11D3-BF4B-00C04F79EFBC}") = "Addresses_and_DNS", "Addresses_and_DNS\Addresses_and_DNS.csproj", "{CED67DD6-317A-4E00-8D76-96DBDBC991AA}"
EndProject
Global
	GlobalSection(SolutionConfigurationPlatforms) = preSolution
		Debug|Any CPU = Debug|Any CPU
		Release|Any CPU = Release|Any CPU
	EndGlobalSection
	GlobalSection(ProjectConfigurationPlatforms) = postSolution
		{CED67DD6-317A-4E00-8D76-96DBDBC991AA}.Debug|Any CPU.ActiveCfg = Debug|Any CPU
		{CED67DD6-317A-4E00-8D76-96DBDBC991AA}.Debug|Any CPU.Build.0 = Debug|Any CPU
		{CED67DD6-317A-4E00-8D76-96DBDBC991AA}.Release|Any CPU.ActiveCfg = Release|Any CPU
		{CED67DD6-317A-4E00-8D76-96DBDBC991AA}.Release|Any CPU.Build.0 = Release|Any CPU
	EndGlobalSection
	GlobalSection(SolutionProperties) = preSolution
		HideSolutionNode = FALSE
	EndGlobalSection
	GlobalSection(ExtensibilityGlobals) = postSolution
		SolutionGuid = {49B9A115-A133-4D4C-A012-ED63D85E5225}
	EndGlobalSection
EndGlobal
