
Microsoft Visual Studio Solution File, Format Version 12.00
# Visual Studio Version 16
VisualStudioVersion = 16.0.31613.86
MinimumVisualStudioVersion = 10.0.40219.1
Project("{FAE04EC0-301F-11D3-BF4B-00C04F79EFBC}") = "FtpWebRequest_and_FtpWebResponse", "FtpWebRequest_and_FtpWebResponse\FtpWebRequest_and_FtpWebResponse.csproj", "{0A1A9EA4-91DC-41A7-AABF-24F74F7BE379}"
EndProject
Global
	GlobalSection(SolutionConfigurationPlatforms) = preSolution
		Debug|Any CPU = Debug|Any CPU
		Release|Any CPU = Release|Any CPU
	EndGlobalSection
	GlobalSection(ProjectConfigurationPlatforms) = postSolution
		{0A1A9EA4-91DC-41A7-AABF-24F74F7BE379}.Debug|Any CPU.ActiveCfg = Debug|Any CPU
		{0A1A9EA4-91DC-41A7-AABF-24F74F7BE379}.Debug|Any CPU.Build.0 = Debug|Any CPU
		{0A1A9EA4-91DC-41A7-AABF-24F74F7BE379}.Release|Any CPU.ActiveCfg = Release|Any CPU
		{0A1A9EA4-91DC-41A7-AABF-24F74F7BE379}.Release|Any CPU.Build.0 = Release|Any CPU
	EndGlobalSection
	GlobalSection(SolutionProperties) = preSolution
		HideSolutionNode = FALSE
	EndGlobalSection
	GlobalSection(ExtensibilityGlobals) = postSolution
		SolutionGuid = {4C652E09-58E2-4298-B81F-7586DACC87CC}
	EndGlobalSection
EndGlobal
